// !$*UTF8*$!
{
	archiveVersion = 1;
	classes = {
	};
	objectVersion = 48;
	objects = {

/* Begin PBXBuildFile section */
		15871F5CBD09B1938513321A /* Pods_Todoey.framework in Frameworks */ = {isa = PBXBuildFile; fileRef = AFE8FEAB5DB44BF10B8FFEC6 /* Pods_Todoey.framework */; };
		43081CA82031BEA80016193F /* Item.swift in Sources */ = {isa = PBXBuildFile; fileRef = 43081CA72031BEA80016193F /* Item.swift */; };
		43081CAA2031BEB60016193F /* Category.swift in Sources */ = {isa = PBXBuildFile; fileRef = 43081CA92031BEB60016193F /* Category.swift */; };
		43344F23202F4B6A00442B7F /* CategoryViewController.swift in Sources */ = {isa = PBXBuildFile; fileRef = 43344F22202F4B6A00442B7F /* CategoryViewController.swift */; };
		433ECAFF202C70880082DB6B /* AppDelegate.swift in Sources */ = {isa = PBXBuildFile; fileRef = 433ECAFE202C70880082DB6B /* AppDelegate.swift */; };
		433ECB01202C70880082DB6B /* TodoListViewController.swift in Sources */ = {isa = PBXBuildFile; fileRef = 433ECB00202C70880082DB6B /* TodoListViewController.swift */; };
		433ECB04202C70880082DB6B /* Main.storyboard in Resources */ = {isa = PBXBuildFile; fileRef = 433ECB02202C70880082DB6B /* Main.storyboard */; };
		433ECB06202C70880082DB6B /* Assets.xcassets in Resources */ = {isa = PBXBuildFile; fileRef = 433ECB05202C70880082DB6B /* Assets.xcassets */; };
		433ECB09202C70880082DB6B /* LaunchScreen.storyboard in Resources */ = {isa = PBXBuildFile; fileRef = 433ECB07202C70880082DB6B /* LaunchScreen.storyboard */; };
/* End PBXBuildFile section */

/* Begin PBXFileReference section */
		43081CA72031BEA80016193F /* Item.swift */ = {isa = PBXFileReference; lastKnownFileType = sourcecode.swift; path = Item.swift; sourceTree = "<group>"; };
		43081CA92031BEB60016193F /* Category.swift */ = {isa = PBXFileReference; lastKnownFileType = sourcecode.swift; path = Category.swift; sourceTree = "<group>"; };
		43344F22202F4B6A00442B7F /* CategoryViewController.swift */ = {isa = PBXFileReference; lastKnownFileType = sourcecode.swift; path = CategoryViewController.swift; sourceTree = "<group>"; };
		433ECAFB202C70880082DB6B /* Todoey.app */ = {isa = PBXFileReference; explicitFileType = wrapper.application; includeInIndex = 0; path = Todoey.app; sourceTree = BUILT_PRODUCTS_DIR; };
		433ECAFE202C70880082DB6B /* AppDelegate.swift */ = {isa = PBXFileReference; lastKnownFileType = sourcecode.swift; path = AppDelegate.swift; sourceTree = "<group>"; };
		433ECB00202C70880082DB6B /* TodoListViewController.swift */ = {isa = PBXFileReference; lastKnownFileType = sourcecode.swift; path = TodoListViewController.swift; sourceTree = "<group>"; };
		433ECB03202C70880082DB6B /* Base */ = {isa = PBXFileReference; lastKnownFileType = file.storyboard; name = Base; path = Base.lproj/Main.storyboard; sourceTree = "<group>"; };
		433ECB05202C70880082DB6B /* Assets.xcassets */ = {isa = PBXFileReference; lastKnownFileType = folder.assetcatalog; path = Assets.xcassets; sourceTree = "<group>"; };
		433ECB08202C70880082DB6B /* Base */ = {isa = PBXFileReference; lastKnownFileType = file.storyboard; name = Base; path = Base.lproj/LaunchScreen.storyboard; sourceTree = "<group>"; };
		433ECB0A202C70880082DB6B /* Info.plist */ = {isa = PBXFileReference; lastKnownFileType = text.plist.xml; path = Info.plist; sourceTree = "<group>"; };
		8EF84F05BE3B2CB301A8F1D9 /* Pods-Todoey.release.xcconfig */ = {isa = PBXFileReference; includeInIndex = 1; lastKnownFileType = text.xcconfig; name = "Pods-Todoey.release.xcconfig"; path = "Pods/Target Support Files/Pods-Todoey/Pods-Todoey.release.xcconfig"; sourceTree = "<group>"; };
		AE0B1CDC9E8EF7102640C7A9 /* Pods-Todoey.debug.xcconfig */ = {isa = PBXFileReference; includeInIndex = 1; lastKnownFileType = text.xcconfig; name = "Pods-Todoey.debug.xcconfig"; path = "Pods/Target Support Files/Pods-Todoey/Pods-Todoey.debug.xcconfig"; sourceTree = "<group>"; };
		AFE8FEAB5DB44BF10B8FFEC6 /* Pods_Todoey.framework */ = {isa = PBXFileReference; explicitFileType = wrapper.framework; includeInIndex = 0; path = Pods_Todoey.framework; sourceTree = BUILT_PRODUCTS_DIR; };
/* End PBXFileReference section */

/* Begin PBXFrameworksBuildPhase section */
		433ECAF8202C70880082DB6B /* Frameworks */ = {
			isa = PBXFrameworksBuildPhase;
			buildActionMask = 2147483647;
			files = (
				15871F5CBD09B1938513321A /* Pods_Todoey.framework in Frameworks */,
			);
			runOnlyForDeploymentPostprocessing = 0;
		};
/* End PBXFrameworksBuildPhase section */

/* Begin PBXGroup section */
		0A1D2EFE774B959DA32B8137 /* Frameworks */ = {
			isa = PBXGroup;
			children = (
				AFE8FEAB5DB44BF10B8FFEC6 /* Pods_Todoey.framework */,
			);
			name = Frameworks;
			sourceTree = "<group>";
		};
		433ECAF2202C70880082DB6B = {
			isa = PBXGroup;
			children = (
				433ECAFD202C70880082DB6B /* Todoey */,
				433ECAFC202C70880082DB6B /* Products */,
				EEC54EF8CEB471A532C4951E /* Pods */,
				0A1D2EFE774B959DA32B8137 /* Frameworks */,
			);
			sourceTree = "<group>";
		};
		433ECAFC202C70880082DB6B /* Products */ = {
			isa = PBXGroup;
			children = (
				433ECAFB202C70880082DB6B /* Todoey.app */,
			);
			name = Products;
			sourceTree = "<group>";
		};
		433ECAFD202C70880082DB6B /* Todoey */ = {
			isa = PBXGroup;
			children = (
				433ECAFE202C70880082DB6B /* AppDelegate.swift */,
				433ECB14202CB6A30082DB6B /* Controllers */,
				433ECB12202CB6710082DB6B /* Data Model */,
				433ECB13202CB68D0082DB6B /* Views */,
				433ECB15202CB6B10082DB6B /* Supporting files */,
				433ECB0A202C70880082DB6B /* Info.plist */,
			);
			path = Todoey;
			sourceTree = "<group>";
		};
		433ECB12202CB6710082DB6B /* Data Model */ = {
			isa = PBXGroup;
			children = (
				43081CA92031BEB60016193F /* Category.swift */,
				43081CA72031BEA80016193F /* Item.swift */,
			);
			path = "Data Model";
			sourceTree = "<group>";
		};
		433ECB13202CB68D0082DB6B /* Views */ = {
			isa = PBXGroup;
			children = (
				433ECB02202C70880082DB6B /* Main.storyboard */,
			);
			path = Views;
			sourceTree = "<group>";
		};
		433ECB14202CB6A30082DB6B /* Controllers */ = {
			isa = PBXGroup;
			children = (
				43344F22202F4B6A00442B7F /* CategoryViewController.swift */,
				433ECB00202C70880082DB6B /* TodoListViewController.swift */,
			);
			path = Controllers;
			sourceTree = "<group>";
		};
		433ECB15202CB6B10082DB6B /* Supporting files */ = {
			isa = PBXGroup;
			children = (
				433ECB05202C70880082DB6B /* Assets.xcassets */,
				433ECB07202C70880082DB6B /* LaunchScreen.storyboard */,
			);
			path = "Supporting files";
			sourceTree = "<group>";
		};
		EEC54EF8CEB471A532C4951E /* Pods */ = {
			isa = PBXGroup;
			children = (
				AE0B1CDC9E8EF7102640C7A9 /* Pods-Todoey.debug.xcconfig */,
				8EF84F05BE3B2CB301A8F1D9 /* Pods-Todoey.release.xcconfig */,
			);
			name = Pods;
			sourceTree = "<group>";
		};
/* End PBXGroup section */

/* Begin PBXNativeTarget section */
		433ECAFA202C70880082DB6B /* Todoey */ = {
			isa = PBXNativeTarget;
			buildConfigurationList = 433ECB0D202C70880082DB6B /* Build configuration list for PBXNativeTarget "Todoey" */;
			buildPhases = (
				8FA7B79C84214C06F7C769C3 /* [CP] Check Pods Manifest.lock */,
				433ECAF7202C70880082DB6B /* Sources */,
				433ECAF8202C70880082DB6B /* Frameworks */,
				433ECAF9202C70880082DB6B /* Resources */,
				171A943A348F60AC66FD09CC /* [CP] Embed Pods Frameworks */,
				DFEFE1BC109A82F0593DE352 /* [CP] Copy Pods Resources */,
			);
			buildRules = (
			);
			dependencies = (
			);
			name = Todoey;
			productName = Todoey;
			productReference = 433ECAFB202C70880082DB6B /* Todoey.app */;
			productType = "com.apple.product-type.application";
		};
/* End PBXNativeTarget section */

/* Begin PBXProject section */
		433ECAF3202C70880082DB6B /* Project object */ = {
			isa = PBXProject;
			attributes = {
				LastSwiftUpdateCheck = 0920;
				LastUpgradeCheck = 0920;
				ORGANIZATIONNAME = "Dirk Friede";
				TargetAttributes = {
					433ECAFA202C70880082DB6B = {
						CreatedOnToolsVersion = 9.2;
						ProvisioningStyle = Automatic;
					};
				};
			};
			buildConfigurationList = 433ECAF6202C70880082DB6B /* Build configuration list for PBXProject "Todoey" */;
			compatibilityVersion = "Xcode 8.0";
			developmentRegion = en;
			hasScannedForEncodings = 0;
			knownRegions = (
				en,
				Base,
			);
			mainGroup = 433ECAF2202C70880082DB6B;
			productRefGroup = 433ECAFC202C70880082DB6B /* Products */;
			projectDirPath = "";
			projectRoot = "";
			targets = (
				433ECAFA202C70880082DB6B /* Todoey */,
			);
		};
/* End PBXProject section */

/* Begin PBXResourcesBuildPhase section */
		433ECAF9202C70880082DB6B /* Resources */ = {
			isa = PBXResourcesBuildPhase;
			buildActionMask = 2147483647;
			files = (
				433ECB09202C70880082DB6B /* LaunchScreen.storyboard in Resources */,
				433ECB06202C70880082DB6B /* Assets.xcassets in Resources */,
				433ECB04202C70880082DB6B /* Main.storyboard in Resources */,
			);
			runOnlyForDeploymentPostprocessing = 0;
		};
/* End PBXResourcesBuildPhase section */

/* Begin PBXShellScriptBuildPhase section */
		171A943A348F60AC66FD09CC /* [CP] Embed Pods Frameworks */ = {
			isa = PBXShellScriptBuildPhase;
			buildActionMask = 2147483647;
			files = (
			);
			inputPaths = (
				"${SRCROOT}/Pods/Target Support Files/Pods-Todoey/Pods-Todoey-frameworks.sh",
				"${BUILT_PRODUCTS_DIR}/Realm/Realm.framework",
				"${BUILT_PRODUCTS_DIR}/RealmSwift/RealmSwift.framework",
			);
			name = "[CP] Embed Pods Frameworks";
			outputPaths = (
				"${TARGET_BUILD_DIR}/${FRAMEWORKS_FOLDER_PATH}/Realm.framework",
				"${TARGET_BUILD_DIR}/${FRAMEWORKS_FOLDER_PATH}/RealmSwift.framework",
			);
			runOnlyForDeploymentPostprocessing = 0;
			shellPath = /bin/sh;
			shellScript = "\"${SRCROOT}/Pods/Target Support Files/Pods-Todoey/Pods-Todoey-frameworks.sh\"\n";
			showEnvVarsInLog = 0;
		};
		8FA7B79C84214C06F7C769C3 /* [CP] Check Pods Manifest.lock */ = {
			isa = PBXShellScriptBuildPhase;
			buildActionMask = 2147483647;
			files = (
			);
			inputPaths = (
				"${PODS_PODFILE_DIR_PATH}/Podfile.lock",
				"${PODS_ROOT}/Manifest.lock",
			);
			name = "[CP] Check Pods Manifest.lock";
			outputPaths = (
				"$(DERIVED_FILE_DIR)/Pods-Todoey-checkManifestLockResult.txt",
			);
			runOnlyForDeploymentPostprocessing = 0;
			shellPath = /bin/sh;
			shellScript = "diff \"${PODS_PODFILE_DIR_PATH}/Podfile.lock\" \"${PODS_ROOT}/Manifest.lock\" > /dev/null\nif [ $? != 0 ] ; then\n    # print error to STDERR\n    echo \"error: The sandbox is not in sync with the Podfile.lock. Run 'pod install' or update your CocoaPods installation.\" >&2\n    exit 1\nfi\n# This output is used by Xcode 'outputs' to avoid re-running this script phase.\necho \"SUCCESS\" > \"${SCRIPT_OUTPUT_FILE_0}\"\n";
			showEnvVarsInLog = 0;
		};
		DFEFE1BC109A82F0593DE352 /* [CP] Copy Pods Resources */ = {
			isa = PBXShellScriptBuildPhase;
			buildActionMask = 2147483647;
			files = (
			);
			inputPaths = (
			);
			name = "[CP] Copy Pods Resources";
			outputPaths = (
			);
			runOnlyForDeploymentPostprocessing = 0;
			shellPath = /bin/sh;
			shellScript = "\"${SRCROOT}/Pods/Target Support Files/Pods-Todoey/Pods-Todoey-resources.sh\"\n";
			showEnvVarsInLog = 0;
		};
/* End PBXShellScriptBuildPhase section */

/* Begin PBXSourcesBuildPhase section */
		433ECAF7202C70880082DB6B /* Sources */ = {
			isa = PBXSourcesBuildPhase;
			buildActionMask = 2147483647;
			files = (
				43081CA82031BEA80016193F /* Item.swift in Sources */,
				43344F23202F4B6A00442B7F /* CategoryViewController.swift in Sources */,
				433ECB01202C70880082DB6B /* TodoListViewController.swift in Sources */,
				433ECAFF202C70880082DB6B /* AppDelegate.swift in Sources */,
				43081CAA2031BEB60016193F /* Category.swift in Sources */,
			);
			runOnlyForDeploymentPostprocessing = 0;
		};
/* End PBXSourcesBuildPhase section */

/* Begin PBXVariantGroup section */
		433ECB02202C70880082DB6B /* Main.storyboard */ = {
			isa = PBXVariantGroup;
			children = (
				433ECB03202C70880082DB6B /* Base */,
			);
			name = Main.storyboard;
			sourceTree = "<group>";
		};
		433ECB07202C70880082DB6B /* LaunchScreen.storyboard */ = {
			isa = PBXVariantGroup;
			children = (
				433ECB08202C70880082DB6B /* Base */,
			);
			name = LaunchScreen.storyboard;
			sourceTree = "<group>";
		};
/* End PBXVariantGroup section */

/* Begin XCBuildConfiguration section */
		433ECB0B202C70880082DB6B /* Debug */ = {
			isa = XCBuildConfiguration;
			buildSettings = {
				ALWAYS_SEARCH_USER_PATHS = NO;
				CLANG_ANALYZER_NONNULL = YES;
				CLANG_ANALYZER_NUMBER_OBJECT_CONVERSION = YES_AGGRESSIVE;
				CLANG_CXX_LANGUAGE_STANDARD = "gnu++14";
				CLANG_CXX_LIBRARY = "libc++";
				CLANG_ENABLE_MODULES = YES;
				CLANG_ENABLE_OBJC_ARC = YES;
				CLANG_WARN_BLOCK_CAPTURE_AUTORELEASING = YES;
				CLANG_WARN_BOOL_CONVERSION = YES;
				CLANG_WARN_COMMA = YES;
				CLANG_WARN_CONSTANT_CONVERSION = YES;
				CLANG_WARN_DIRECT_OBJC_ISA_USAGE = YES_ERROR;
				CLANG_WARN_DOCUMENTATION_COMMENTS = YES;
				CLANG_WARN_EMPTY_BODY = YES;
				CLANG_WARN_ENUM_CONVERSION = YES;
				CLANG_WARN_INFINITE_RECURSION = YES;
				CLANG_WARN_INT_CONVERSION = YES;
				CLANG_WARN_NON_LITERAL_NULL_CONVERSION = YES;
				CLANG_WARN_OBJC_LITERAL_CONVERSION = YES;
				CLANG_WARN_OBJC_ROOT_CLASS = YES_ERROR;
				CLANG_WARN_RANGE_LOOP_ANALYSIS = YES;
				CLANG_WARN_STRICT_PROTOTYPES = YES;
				CLANG_WARN_SUSPICIOUS_MOVE = YES;
				CLANG_WARN_UNGUARDED_AVAILABILITY = YES_AGGRESSIVE;
				CLANG_WARN_UNREACHABLE_CODE = YES;
				CLANG_WARN__DUPLICATE_METHOD_MATCH = YES;
				CODE_SIGN_IDENTITY = "iPhone Developer";
				COPY_PHASE_STRIP = NO;
				DEBUG_INFORMATION_FORMAT = dwarf;
				ENABLE_STRICT_OBJC_MSGSEND = YES;
				ENABLE_TESTABILITY = YES;
				GCC_C_LANGUAGE_STANDARD = gnu11;
				GCC_DYNAMIC_NO_PIC = NO;
				GCC_NO_COMMON_BLOCKS = YES;
				GCC_OPTIMIZATION_LEVEL = 0;
				GCC_PREPROCESSOR_DEFINITIONS = (
					"DEBUG=1",
					"$(inherited)",
				);
				GCC_WARN_64_TO_32_BIT_CONVERSION = YES;
				GCC_WARN_ABOUT_RETURN_TYPE = YES_ERROR;
				GCC_WARN_UNDECLARED_SELECTOR = YES;
				GCC_WARN_UNINITIALIZED_AUTOS = YES_AGGRESSIVE;
				GCC_WARN_UNUSED_FUNCTION = YES;
				GCC_WARN_UNUSED_VARIABLE = YES;
				IPHONEOS_DEPLOYMENT_TARGET = 11.2;
				MTL_ENABLE_DEBUG_INFO = YES;
				ONLY_ACTIVE_ARCH = YES;
				SDKROOT = iphoneos;
				SWIFT_ACTIVE_COMPILATION_CONDITIONS = DEBUG;
				SWIFT_OPTIMIZATION_LEVEL = "-Onone";
			};
			name = Debug;
		};
		433ECB0C202C70880082DB6B /* Release */ = {
			isa = XCBuildConfiguration;
			buildSettings = {
				ALWAYS_SEARCH_USER_PATHS = NO;
				CLANG_ANALYZER_NONNULL = YES;
				CLANG_ANALYZER_NUMBER_OBJECT_CONVERSION = YES_AGGRESSIVE;
				CLANG_CXX_LANGUAGE_STANDARD = "gnu++14";
				CLANG_CXX_LIBRARY = "libc++";
				CLANG_ENABLE_MODULES = YES;
				CLANG_ENABLE_OBJC_ARC = YES;
				CLANG_WARN_BLOCK_CAPTURE_AUTORELEASING = YES;
				CLANG_WARN_BOOL_CONVERSION = YES;
				CLANG_WARN_COMMA = YES;
				CLANG_WARN_CONSTANT_CONVERSION = YES;
				CLANG_WARN_DIRECT_OBJC_ISA_USAGE = YES_ERROR;
				CLANG_WARN_DOCUMENTATION_COMMENTS = YES;
				CLANG_WARN_EMPTY_BODY = YES;
				CLANG_WARN_ENUM_CONVERSION = YES;
				CLANG_WARN_INFINITE_RECURSION = YES;
				CLANG_WARN_INT_CONVERSION = YES;
				CLANG_WARN_NON_LITERAL_NULL_CONVERSION = YES;
				CLANG_WARN_OBJC_LITERAL_CONVERSION = YES;
				CLANG_WARN_OBJC_ROOT_CLASS = YES_ERROR;
				CLANG_WARN_RANGE_LOOP_ANALYSIS = YES;
				CLANG_WARN_STRICT_PROTOTYPES = YES;
				CLANG_WARN_SUSPICIOUS_MOVE = YES;
				CLANG_WARN_UNGUARDED_AVAILABILITY = YES_AGGRESSIVE;
				CLANG_WARN_UNREACHABLE_CODE = YES;
				CLANG_WARN__DUPLICATE_METHOD_MATCH = YES;
				CODE_SIGN_IDENTITY = "iPhone Developer";
				COPY_PHASE_STRIP = NO;
				DEBUG_INFORMATION_FORMAT = "dwarf-with-dsym";
				ENABLE_NS_ASSERTIONS = NO;
				ENABLE_STRICT_OBJC_MSGSEND = YES;
				GCC_C_LANGUAGE_STANDARD = gnu11;
				GCC_NO_COMMON_BLOCKS = YES;
				GCC_WARN_64_TO_32_BIT_CONVERSION = YES;
				GCC_WARN_ABOUT_RETURN_TYPE = YES_ERROR;
				GCC_WARN_UNDECLARED_SELECTOR = YES;
				GCC_WARN_UNINITIALIZED_AUTOS = YES_AGGRESSIVE;
				GCC_WARN_UNUSED_FUNCTION = YES;
				GCC_WARN_UNUSED_VARIABLE = YES;
				IPHONEOS_DEPLOYMENT_TARGET = 11.2;
				MTL_ENABLE_DEBUG_INFO = NO;
				SDKROOT = iphoneos;
				SWIFT_OPTIMIZATION_LEVEL = "-Owholemodule";
				VALIDATE_PRODUCT = YES;
			};
			name = Release;
		};
		433ECB0E202C70880082DB6B /* Debug */ = {
			isa = XCBuildConfiguration;
			baseConfigurationReference = AE0B1CDC9E8EF7102640C7A9 /* Pods-Todoey.debug.xcconfig */;
			buildSettings = {
				ASSETCATALOG_COMPILER_APPICON_NAME = AppIcon;
				CODE_SIGN_STYLE = Automatic;
				DEVELOPMENT_TEAM = 6QU3HJZC6G;
				INFOPLIST_FILE = Todoey/Info.plist;
				LD_RUNPATH_SEARCH_PATHS = "$(inherited) @executable_path/Frameworks";
				PRODUCT_BUNDLE_IDENTIFIER = "de.friede-fam.Todoey";
				PRODUCT_NAME = "$(TARGET_NAME)";
				SWIFT_VERSION = 4.0;
				TARGETED_DEVICE_FAMILY = "1,2";
			};
			name = Debug;
		};
		433ECB0F202C70880082DB6B /* Release */ = {
			isa = XCBuildConfiguration;
			baseConfigurationReference = 8EF84F05BE3B2CB301A8F1D9 /* Pods-Todoey.release.xcconfig */;
			buildSettings = {
				ASSETCATALOG_COMPILER_APPICON_NAME = AppIcon;
				CODE_SIGN_STYLE = Automatic;
				DEVELOPMENT_TEAM = 6QU3HJZC6G;
				INFOPLIST_FILE = Todoey/Info.plist;
				LD_RUNPATH_SEARCH_PATHS = "$(inherited) @executable_path/Frameworks";
				PRODUCT_BUNDLE_IDENTIFIER = "de.friede-fam.Todoey";
				PRODUCT_NAME = "$(TARGET_NAME)";
				SWIFT_VERSION = 4.0;
				TARGETED_DEVICE_FAMILY = "1,2";
			};
			name = Release;
		};
/* End XCBuildConfiguration section */

/* Begin XCConfigurationList section */
		433ECAF6202C70880082DB6B /* Build configuration list for PBXProject "Todoey" */ = {
			isa = XCConfigurationList;
			buildConfigurations = (
				433ECB0B202C70880082DB6B /* Debug */,
				433ECB0C202C70880082DB6B /* Release */,
			);
			defaultConfigurationIsVisible = 0;
			defaultConfigurationName = Release;
		};
		433ECB0D202C70880082DB6B /* Build configuration list for PBXNativeTarget "Todoey" */ = {
			isa = XCConfigurationList;
			buildConfigurations = (
				433ECB0E202C70880082DB6B /* Debug */,
				433ECB0F202C70880082DB6B /* Release */,
			);
			defaultConfigurationIsVisible = 0;
			defaultConfigurationName = Release;
		};
/* End XCConfigurationList section */
	};
	rootObject = 433ECAF3202C70880082DB6B /* Project object */;
}
